// !$*UTF8*$!
{
	archiveVersion = 1;
	classes = {
	};
	objectVersion = 55;
	objects = {

/* Begin PBXBuildFile section */
		BAD884BE279E050400269C2F /* AppDelegate.swift in Sources */ = {isa = PBXBuildFile; fileRef = BAD884BD279E050400269C2F /* AppDelegate.swift */; };
		BAD884C0279E050400269C2F /* SceneDelegate.swift in Sources */ = {isa = PBXBuildFile; fileRef = BAD884BF279E050400269C2F /* SceneDelegate.swift */; };
		BAD884C2279E050400269C2F /* ViewController.swift in Sources */ = {isa = PBXBuildFile; fileRef = BAD884C1279E050400269C2F /* ViewController.swift */; };
		BAD884C5279E050400269C2F /* Main.storyboard in Resources */ = {isa = PBXBuildFile; fileRef = BAD884C3279E050400269C2F /* Main.storyboard */; };
		BAD884C7279E050400269C2F /* Assets.xcassets in Resources */ = {isa = PBXBuildFile; fileRef = BAD884C6279E050400269C2F /* Assets.xcassets */; };
		BAD884CA279E050400269C2F /* LaunchScreen.storyboard in Resources */ = {isa = PBXBuildFile; fileRef = BAD884C8279E050400269C2F /* LaunchScreen.storyboard */; };
		BAD884D5279E050400269C2F /* I_Can_I_WillTests.swift in Sources */ = {isa = PBXBuildFile; fileRef = BAD884D4279E050400269C2F /* I_Can_I_WillTests.swift */; };
		BAD884DF279E050400269C2F /* I_Can_I_WillUITests.swift in Sources */ = {isa = PBXBuildFile; fileRef = BAD884DE279E050400269C2F /* I_Can_I_WillUITests.swift */; };
		BAD884E1279E050400269C2F /* I_Can_I_WillUITestsLaunchTests.swift in Sources */ = {isa = PBXBuildFile; fileRef = BAD884E0279E050400269C2F /* I_Can_I_WillUITestsLaunchTests.swift */; };
/* End PBXBuildFile section */

/* Begin PBXContainerItemProxy section */
		BAD884D1279E050400269C2F /* PBXContainerItemProxy */ = {
			isa = PBXContainerItemProxy;
			containerPortal = BAD884B2279E050400269C2F /* Project object */;
			proxyType = 1;
			remoteGlobalIDString = BAD884B9279E050400269C2F;
			remoteInfo = "I Can I Will";
		};
		BAD884DB279E050400269C2F /* PBXContainerItemProxy */ = {
			isa = PBXContainerItemProxy;
			containerPortal = BAD884B2279E050400269C2F /* Project object */;
			proxyType = 1;
			remoteGlobalIDString = BAD884B9279E050400269C2F;
			remoteInfo = "I Can I Will";
		};
/* End PBXContainerItemProxy section */

/* Begin PBXFileReference section */
		BAD884BA279E050400269C2F /* I Can I Will.app */ = {isa = PBXFileReference; explicitFileType = wrapper.application; includeInIndex = 0; path = "I Can I Will.app"; sourceTree = BUILT_PRODUCTS_DIR; };
		BAD884BD279E050400269C2F /* AppDelegate.swift */ = {isa = PBXFileReference; lastKnownFileType = sourcecode.swift; path = AppDelegate.swift; sourceTree = "<group>"; };
		BAD884BF279E050400269C2F /* SceneDelegate.swift */ = {isa = PBXFileReference; lastKnownFileType = sourcecode.swift; path = SceneDelegate.swift; sourceTree = "<group>"; };
		BAD884C1279E050400269C2F /* ViewController.swift */ = {isa = PBXFileReference; lastKnownFileType = sourcecode.swift; path = ViewController.swift; sourceTree = "<group>"; };
		BAD884C4279E050400269C2F /* Base */ = {isa = PBXFileReference; lastKnownFileType = file.storyboard; name = Base; path = Base.lproj/Main.storyboard; sourceTree = "<group>"; };
		BAD884C6279E050400269C2F /* Assets.xcassets */ = {isa = PBXFileReference; lastKnownFileType = folder.assetcatalog; path = Assets.xcassets; sourceTree = "<group>"; };
		BAD884C9279E050400269C2F /* Base */ = {isa = PBXFileReference; lastKnownFileType = file.storyboard; name = Base; path = Base.lproj/LaunchScreen.storyboard; sourceTree = "<group>"; };
		BAD884CB279E050400269C2F /* Info.plist */ = {isa = PBXFileReference; lastKnownFileType = text.plist.xml; path = Info.plist; sourceTree = "<group>"; };
		BAD884D0279E050400269C2F /* I Can I WillTests.xctest */ = {isa = PBXFileReference; explicitFileType = wrapper.cfbundle; includeInIndex = 0; path = "I Can I WillTests.xctest"; sourceTree = BUILT_PRODUCTS_DIR; };
		BAD884D4279E050400269C2F /* I_Can_I_WillTests.swift */ = {isa = PBXFileReference; lastKnownFileType = sourcecode.swift; path = I_Can_I_WillTests.swift; sourceTree = "<group>"; };
		BAD884DA279E050400269C2F /* I Can I WillUITests.xctest */ = {isa = PBXFileReference; explicitFileType = wrapper.cfbundle; includeInIndex = 0; path = "I Can I WillUITests.xctest"; sourceTree = BUILT_PRODUCTS_DIR; };
		BAD884DE279E050400269C2F /* I_Can_I_WillUITests.swift */ = {isa = PBXFileReference; lastKnownFileType = sourcecode.swift; path = I_Can_I_WillUITests.swift; sourceTree = "<group>"; };
		BAD884E0279E050400269C2F /* I_Can_I_WillUITestsLaunchTests.swift */ = {isa = PBXFileReference; lastKnownFileType = sourcecode.swift; path = I_Can_I_WillUITestsLaunchTests.swift; sourceTree = "<group>"; };
/* End PBXFileReference section */

/* Begin PBXFrameworksBuildPhase section */
		BAD884B7279E050400269C2F /* Frameworks */ = {
			isa = PBXFrameworksBuildPhase;
			buildActionMask = 2147483647;
			files = (
			);
			runOnlyForDeploymentPostprocessing = 0;
		};
		BAD884CD279E050400269C2F /* Frameworks */ = {
			isa = PBXFrameworksBuildPhase;
			buildActionMask = 2147483647;
			files = (
			);
			runOnlyForDeploymentPostprocessing = 0;
		};
		BAD884D7279E050400269C2F /* Frameworks */ = {
			isa = PBXFrameworksBuildPhase;
			buildActionMask = 2147483647;
			files = (
			);
			runOnlyForDeploymentPostprocessing = 0;
		};
/* End PBXFrameworksBuildPhase section */

/* Begin PBXGroup section */
		BAD884B1279E050400269C2F = {
			isa = PBXGroup;
			children = (
				BAD884BC279E050400269C2F /* I Can I Will */,
				BAD884D3279E050400269C2F /* I Can I WillTests */,
				BAD884DD279E050400269C2F /* I Can I WillUITests */,
				BAD884BB279E050400269C2F /* Products */,
			);
			sourceTree = "<group>";
		};
		BAD884BB279E050400269C2F /* Products */ = {
			isa = PBXGroup;
			children = (
				BAD884BA279E050400269C2F /* I Can I Will.app */,
				BAD884D0279E050400269C2F /* I Can I WillTests.xctest */,
				BAD884DA279E050400269C2F /* I Can I WillUITests.xctest */,
			);
			name = Products;
			sourceTree = "<group>";
		};
		BAD884BC279E050400269C2F /* I Can I Will */ = {
			isa = PBXGroup;
			children = (
				BAD884BD279E050400269C2F /* AppDelegate.swift */,
				BAD884BF279E050400269C2F /* SceneDelegate.swift */,
				BAD884C1279E050400269C2F /* ViewController.swift */,
				BAD884C3279E050400269C2F /* Main.storyboard */,
				BAD884C6279E050400269C2F /* Assets.xcassets */,
				BAD884C8279E050400269C2F /* LaunchScreen.storyboard */,
				BAD884CB279E050400269C2F /* Info.plist */,
			);
			path = "I Can I Will";
			sourceTree = "<group>";
		};
		BAD884D3279E050400269C2F /* I Can I WillTests */ = {
			isa = PBXGroup;
			children = (
				BAD884D4279E050400269C2F /* I_Can_I_WillTests.swift */,
			);
			path = "I Can I WillTests";
			sourceTree = "<group>";
		};
		BAD884DD279E050400269C2F /* I Can I WillUITests */ = {
			isa = PBXGroup;
			children = (
				BAD884DE279E050400269C2F /* I_Can_I_WillUITests.swift */,
				BAD884E0279E050400269C2F /* I_Can_I_WillUITestsLaunchTests.swift */,
			);
			path = "I Can I WillUITests";
			sourceTree = "<group>";
		};
/* End PBXGroup section */

/* Begin PBXNativeTarget section */
		BAD884B9279E050400269C2F /* I Can I Will */ = {
			isa = PBXNativeTarget;
			buildConfigurationList = BAD884E4279E050400269C2F /* Build configuration list for PBXNativeTarget "I Can I Will" */;
			buildPhases = (
				BAD884B6279E050400269C2F /* Sources */,
				BAD884B7279E050400269C2F /* Frameworks */,
				BAD884B8279E050400269C2F /* Resources */,
			);
			buildRules = (
			);
			dependencies = (
			);
			name = "I Can I Will";
			productName = "I Can I Will";
			productReference = BAD884BA279E050400269C2F /* I Can I Will.app */;
			productType = "com.apple.product-type.application";
		};
		BAD884CF279E050400269C2F /* I Can I WillTests */ = {
			isa = PBXNativeTarget;
			buildConfigurationList = BAD884E7279E050400269C2F /* Build configuration list for PBXNativeTarget "I Can I WillTests" */;
			buildPhases = (
				BAD884CC279E050400269C2F /* Sources */,
				BAD884CD279E050400269C2F /* Frameworks */,
				BAD884CE279E050400269C2F /* Resources */,
			);
			buildRules = (
			);
			dependencies = (
				BAD884D2279E050400269C2F /* PBXTargetDependency */,
			);
			name = "I Can I WillTests";
			productName = "I Can I WillTests";
			productReference = BAD884D0279E050400269C2F /* I Can I WillTests.xctest */;
			productType = "com.apple.product-type.bundle.unit-test";
		};
		BAD884D9279E050400269C2F /* I Can I WillUITests */ = {
			isa = PBXNativeTarget;
			buildConfigurationList = BAD884EA279E050400269C2F /* Build configuration list for PBXNativeTarget "I Can I WillUITests" */;
			buildPhases = (
				BAD884D6279E050400269C2F /* Sources */,
				BAD884D7279E050400269C2F /* Frameworks */,
				BAD884D8279E050400269C2F /* Resources */,
			);
			buildRules = (
			);
			dependencies = (
				BAD884DC279E050400269C2F /* PBXTargetDependency */,
			);
			name = "I Can I WillUITests";
			productName = "I Can I WillUITests";
			productReference = BAD884DA279E050400269C2F /* I Can I WillUITests.xctest */;
			productType = "com.apple.product-type.bundle.ui-testing";
		};
/* End PBXNativeTarget section */

/* Begin PBXProject section */
		BAD884B2279E050400269C2F /* Project object */ = {
			isa = PBXProject;
			attributes = {
				BuildIndependentTargetsInParallel = 1;
				LastSwiftUpdateCheck = 1320;
				LastUpgradeCheck = 1320;
				TargetAttributes = {
					BAD884B9279E050400269C2F = {
						CreatedOnToolsVersion = 13.2.1;
					};
					BAD884CF279E050400269C2F = {
						CreatedOnToolsVersion = 13.2.1;
						TestTargetID = BAD884B9279E050400269C2F;
					};
					BAD884D9279E050400269C2F = {
						CreatedOnToolsVersion = 13.2.1;
						TestTargetID = BAD884B9279E050400269C2F;
					};
				};
			};
			buildConfigurationList = BAD884B5279E050400269C2F /* Build configuration list for PBXProject "I Can I Will" */;
			compatibilityVersion = "Xcode 13.0";
			developmentRegion = en;
			hasScannedForEncodings = 0;
			knownRegions = (
				en,
				Base,
			);
			mainGroup = BAD884B1279E050400269C2F;
			productRefGroup = BAD884BB279E050400269C2F /* Products */;
			projectDirPath = "";
			projectRoot = "";
			targets = (
				BAD884B9279E050400269C2F /* I Can I Will */,
				BAD884CF279E050400269C2F /* I Can I WillTests */,
				BAD884D9279E050400269C2F /* I Can I WillUITests */,
			);
		};
/* End PBXProject section */

/* Begin PBXResourcesBuildPhase section */
		BAD884B8279E050400269C2F /* Resources */ = {
			isa = PBXResourcesBuildPhase;
			buildActionMask = 2147483647;
			files = (
				BAD884CA279E050400269C2F /* LaunchScreen.storyboard in Resources */,
				BAD884C7279E050400269C2F /* Assets.xcassets in Resources */,
				BAD884C5279E050400269C2F /* Main.storyboard in Resources */,
			);
			runOnlyForDeploymentPostprocessing = 0;
		};
		BAD884CE279E050400269C2F /* Resources */ = {
			isa = PBXResourcesBuildPhase;
			buildActionMask = 2147483647;
			files = (
			);
			runOnlyForDeploymentPostprocessing = 0;
		};
		BAD884D8279E050400269C2F /* Resources */ = {
			isa = PBXResourcesBuildPhase;
			buildActionMask = 2147483647;
			files = (
			);
			runOnlyForDeploymentPostprocessing = 0;
		};
/* End PBXResourcesBuildPhase section */

/* Begin PBXSourcesBuildPhase section */
		BAD884B6279E050400269C2F /* Sources */ = {
			isa = PBXSourcesBuildPhase;
			buildActionMask = 2147483647;
			files = (
				BAD884C2279E050400269C2F /* ViewController.swift in Sources */,
				BAD884BE279E050400269C2F /* AppDelegate.swift in Sources */,
				BAD884C0279E050400269C2F /* SceneDelegate.swift in Sources */,
			);
			runOnlyForDeploymentPostprocessing = 0;
		};
		BAD884CC279E050400269C2F /* Sources */ = {
			isa = PBXSourcesBuildPhase;
			buildActionMask = 2147483647;
			files = (
				BAD884D5279E050400269C2F /* I_Can_I_WillTests.swift in Sources */,
			);
			runOnlyForDeploymentPostprocessing = 0;
		};
		BAD884D6279E050400269C2F /* Sources */ = {
			isa = PBXSourcesBuildPhase;
			buildActionMask = 2147483647;
			files = (
				BAD884DF279E050400269C2F /* I_Can_I_WillUITests.swift in Sources */,
				BAD884E1279E050400269C2F /* I_Can_I_WillUITestsLaunchTests.swift in Sources */,
			);
			runOnlyForDeploymentPostprocessing = 0;
		};
/* End PBXSourcesBuildPhase section */

/* Begin PBXTargetDependency section */
		BAD884D2279E050400269C2F /* PBXTargetDependency */ = {
			isa = PBXTargetDependency;
			target = BAD884B9279E050400269C2F /* I Can I Will */;
			targetProxy = BAD884D1279E050400269C2F /* PBXContainerItemProxy */;
		};
		BAD884DC279E050400269C2F /* PBXTargetDependency */ = {
			isa = PBXTargetDependency;
			target = BAD884B9279E050400269C2F /* I Can I Will */;
			targetProxy = BAD884DB279E050400269C2F /* PBXContainerItemProxy */;
		};
/* End PBXTargetDependency section */

/* Begin PBXVariantGroup section */
		BAD884C3279E050400269C2F /* Main.storyboard */ = {
			isa = PBXVariantGroup;
			children = (
				BAD884C4279E050400269C2F /* Base */,
			);
			name = Main.storyboard;
			sourceTree = "<group>";
		};
		BAD884C8279E050400269C2F /* LaunchScreen.storyboard */ = {
			isa = PBXVariantGroup;
			children = (
				BAD884C9279E050400269C2F /* Base */,
			);
			name = LaunchScreen.storyboard;
			sourceTree = "<group>";
		};
/* End PBXVariantGroup section */

/* Begin XCBuildConfiguration section */
		BAD884E2279E050400269C2F /* Debug */ = {
			isa = XCBuildConfiguration;
			buildSettings = {
				ALWAYS_SEARCH_USER_PATHS = NO;
				CLANG_ANALYZER_NONNULL = YES;
				CLANG_ANALYZER_NUMBER_OBJECT_CONVERSION = YES_AGGRESSIVE;
				CLANG_CXX_LANGUAGE_STANDARD = "gnu++17";
				CLANG_CXX_LIBRARY = "libc++";
				CLANG_ENABLE_MODULES = YES;
				CLANG_ENABLE_OBJC_ARC = YES;
				CLANG_ENABLE_OBJC_WEAK = YES;
				CLANG_WARN_BLOCK_CAPTURE_AUTORELEASING = YES;
				CLANG_WARN_BOOL_CONVERSION = YES;
				CLANG_WARN_COMMA = YES;
				CLANG_WARN_CONSTANT_CONVERSION = YES;
				CLANG_WARN_DEPRECATED_OBJC_IMPLEMENTATIONS = YES;
				CLANG_WARN_DIRECT_OBJC_ISA_USAGE = YES_ERROR;
				CLANG_WARN_DOCUMENTATION_COMMENTS = YES;
				CLANG_WARN_EMPTY_BODY = YES;
				CLANG_WARN_ENUM_CONVERSION = YES;
				CLANG_WARN_INFINITE_RECURSION = YES;
				CLANG_WARN_INT_CONVERSION = YES;
				CLANG_WARN_NON_LITERAL_NULL_CONVERSION = YES;
				CLANG_WARN_OBJC_IMPLICIT_RETAIN_SELF = YES;
				CLANG_WARN_OBJC_LITERAL_CONVERSION = YES;
				CLANG_WARN_OBJC_ROOT_CLASS = YES_ERROR;
				CLANG_WARN_QUOTED_INCLUDE_IN_FRAMEWORK_HEADER = YES;
				CLANG_WARN_RANGE_LOOP_ANALYSIS = YES;
				CLANG_WARN_STRICT_PROTOTYPES = YES;
				CLANG_WARN_SUSPICIOUS_MOVE = YES;
				CLANG_WARN_UNGUARDED_AVAILABILITY = YES_AGGRESSIVE;
				CLANG_WARN_UNREACHABLE_CODE = YES;
				CLANG_WARN__DUPLICATE_METHOD_MATCH = YES;
				COPY_PHASE_STRIP = NO;
				DEBUG_INFORMATION_FORMAT = dwarf;
				ENABLE_STRICT_OBJC_MSGSEND = YES;
				ENABLE_TESTABILITY = YES;
				GCC_C_LANGUAGE_STANDARD = gnu11;
				GCC_DYNAMIC_NO_PIC = NO;
				GCC_NO_COMMON_BLOCKS = YES;
				GCC_OPTIMIZATION_LEVEL = 0;
				GCC_PREPROCESSOR_DEFINITIONS = (
					"DEBUG=1",
					"$(inherited)",
				);
				GCC_WARN_64_TO_32_BIT_CONVERSION = YES;
				GCC_WARN_ABOUT_RETURN_TYPE = YES_ERROR;
				GCC_WARN_UNDECLARED_SELECTOR = YES;
				GCC_WARN_UNINITIALIZED_AUTOS = YES_AGGRESSIVE;
				GCC_WARN_UNUSED_FUNCTION = YES;
				GCC_WARN_UNUSED_VARIABLE = YES;
				IPHONEOS_DEPLOYMENT_TARGET = 15.2;
				MTL_ENABLE_DEBUG_INFO = INCLUDE_SOURCE;
				MTL_FAST_MATH = YES;
				ONLY_ACTIVE_ARCH = YES;
				SDKROOT = iphoneos;
				SWIFT_ACTIVE_COMPILATION_CONDITIONS = DEBUG;
				SWIFT_OPTIMIZATION_LEVEL = "-Onone";
			};
			name = Debug;
		};
		BAD884E3279E050400269C2F /* Release */ = {
			isa = XCBuildConfiguration;
			buildSettings = {
				ALWAYS_SEARCH_USER_PATHS = NO;
				CLANG_ANALYZER_NONNULL = YES;
				CLANG_ANALYZER_NUMBER_OBJECT_CONVERSION = YES_AGGRESSIVE;
				CLANG_CXX_LANGUAGE_STANDARD = "gnu++17";
				CLANG_CXX_LIBRARY = "libc++";
				CLANG_ENABLE_MODULES = YES;
				CLANG_ENABLE_OBJC_ARC = YES;
				CLANG_ENABLE_OBJC_WEAK = YES;
				CLANG_WARN_BLOCK_CAPTURE_AUTORELEASING = YES;
				CLANG_WARN_BOOL_CONVERSION = YES;
				CLANG_WARN_COMMA = YES;
				CLANG_WARN_CONSTANT_CONVERSION = YES;
				CLANG_WARN_DEPRECATED_OBJC_IMPLEMENTATIONS = YES;
				CLANG_WARN_DIRECT_OBJC_ISA_USAGE = YES_ERROR;
				CLANG_WARN_DOCUMENTATION_COMMENTS = YES;
				CLANG_WARN_EMPTY_BODY = YES;
				CLANG_WARN_ENUM_CONVERSION = YES;
				CLANG_WARN_INFINITE_RECURSION = YES;
				CLANG_WARN_INT_CONVERSION = YES;
				CLANG_WARN_NON_LITERAL_NULL_CONVERSION = YES;
				CLANG_WARN_OBJC_IMPLICIT_RETAIN_SELF = YES;
				CLANG_WARN_OBJC_LITERAL_CONVERSION = YES;
				CLANG_WARN_OBJC_ROOT_CLASS = YES_ERROR;
				CLANG_WARN_QUOTED_INCLUDE_IN_FRAMEWORK_HEADER = YES;
				CLANG_WARN_RANGE_LOOP_ANALYSIS = YES;
				CLANG_WARN_STRICT_PROTOTYPES = YES;
				CLANG_WARN_SUSPICIOUS_MOVE = YES;
				CLANG_WARN_UNGUARDED_AVAILABILITY = YES_AGGRESSIVE;
				CLANG_WARN_UNREACHABLE_CODE = YES;
				CLANG_WARN__DUPLICATE_METHOD_MATCH = YES;
				COPY_PHASE_STRIP = NO;
				DEBUG_INFORMATION_FORMAT = "dwarf-with-dsym";
				ENABLE_NS_ASSERTIONS = NO;
				ENABLE_STRICT_OBJC_MSGSEND = YES;
				GCC_C_LANGUAGE_STANDARD = gnu11;
				GCC_NO_COMMON_BLOCKS = YES;
				GCC_WARN_64_TO_32_BIT_CONVERSION = YES;
				GCC_WARN_ABOUT_RETURN_TYPE = YES_ERROR;
				GCC_WARN_UNDECLARED_SELECTOR = YES;
				GCC_WARN_UNINITIALIZED_AUTOS = YES_AGGRESSIVE;
				GCC_WARN_UNUSED_FUNCTION = YES;
				GCC_WARN_UNUSED_VARIABLE = YES;
				IPHONEOS_DEPLOYMENT_TARGET = 15.2;
				MTL_ENABLE_DEBUG_INFO = NO;
				MTL_FAST_MATH = YES;
				SDKROOT = iphoneos;
				SWIFT_COMPILATION_MODE = wholemodule;
				SWIFT_OPTIMIZATION_LEVEL = "-O";
				VALIDATE_PRODUCT = YES;
			};
			name = Release;
		};
		BAD884E5279E050400269C2F /* Debug */ = {
			isa = XCBuildConfiguration;
			buildSettings = {
				ASSETCATALOG_COMPILER_APPICON_NAME = AppIcon;
				ASSETCATALOG_COMPILER_GLOBAL_ACCENT_COLOR_NAME = AccentColor;
				CODE_SIGN_STYLE = Automatic;
				CURRENT_PROJECT_VERSION = 1;
				DEVELOPMENT_TEAM = 58NTX9MNHK;
				GENERATE_INFOPLIST_FILE = YES;
				INFOPLIST_FILE = "I Can I Will/Info.plist";
				INFOPLIST_KEY_UIApplicationSupportsIndirectInputEvents = YES;
				INFOPLIST_KEY_UILaunchStoryboardName = LaunchScreen;
				INFOPLIST_KEY_UIMainStoryboardFile = Main;
				INFOPLIST_KEY_UISupportedInterfaceOrientations_iPad = "UIInterfaceOrientationPortrait UIInterfaceOrientationPortraitUpsideDown UIInterfaceOrientationLandscapeLeft UIInterfaceOrientationLandscapeRight";
				INFOPLIST_KEY_UISupportedInterfaceOrientations_iPhone = "UIInterfaceOrientationPortrait UIInterfaceOrientationLandscapeLeft UIInterfaceOrientationLandscapeRight";
				LD_RUNPATH_SEARCH_PATHS = (
					"$(inherited)",
					"@executable_path/Frameworks",
				);
				MARKETING_VERSION = 1.0;
				PRODUCT_BUNDLE_IDENTIFIER = "Lesito.I-Can-I-Will";
				PRODUCT_NAME = "$(TARGET_NAME)";
				SWIFT_EMIT_LOC_STRINGS = YES;
				SWIFT_VERSION = 5.0;
				TARGETED_DEVICE_FAMILY = "1,2";
			};
			name = Debug;
		};
		BAD884E6279E050400269C2F /* Release */ = {
			isa = XCBuildConfiguration;
			buildSettings = {
				ASSETCATALOG_COMPILER_APPICON_NAME = AppIcon;
				ASSETCATALOG_COMPILER_GLOBAL_ACCENT_COLOR_NAME = AccentColor;
				CODE_SIGN_STYLE = Automatic;
				CURRENT_PROJECT_VERSION = 1;
				DEVELOPMENT_TEAM = 58NTX9MNHK;
				GENERATE_INFOPLIST_FILE = YES;
				INFOPLIST_FILE = "I Can I Will/Info.plist";
				INFOPLIST_KEY_UIApplicationSupportsIndirectInputEvents = YES;
				INFOPLIST_KEY_UILaunchStoryboardName = LaunchScreen;
				INFOPLIST_KEY_UIMainStoryboardFile = Main;
				INFOPLIST_KEY_UISupportedInterfaceOrientations_iPad = "UIInterfaceOrientationPortrait UIInterfaceOrientationPortraitUpsideDown UIInterfaceOrientationLandscapeLeft UIInterfaceOrientationLandscapeRight";
				INFOPLIST_KEY_UISupportedInterfaceOrientations_iPhone = "UIInterfaceOrientationPortrait UIInterfaceOrientationLandscapeLeft UIInterfaceOrientationLandscapeRight";
				LD_RUNPATH_SEARCH_PATHS = (
					"$(inherited)",
					"@executable_path/Frameworks",
				);
				MARKETING_VERSION = 1.0;
				PRODUCT_BUNDLE_IDENTIFIER = "Lesito.I-Can-I-Will";
				PRODUCT_NAME = "$(TARGET_NAME)";
				SWIFT_EMIT_LOC_STRINGS = YES;
				SWIFT_VERSION = 5.0;
				TARGETED_DEVICE_FAMILY = "1,2";
			};
			name = Release;
		};
		BAD884E8279E050400269C2F /* Debug */ = {
			isa = XCBuildConfiguration;
			buildSettings = {
				ALWAYS_EMBED_SWIFT_STANDARD_LIBRARIES = YES;
				BUNDLE_LOADER = "$(TEST_HOST)";
				CODE_SIGN_STYLE = Automatic;
				CURRENT_PROJECT_VERSION = 1;
				DEVELOPMENT_TEAM = 58NTX9MNHK;
				GENERATE_INFOPLIST_FILE = YES;
				IPHONEOS_DEPLOYMENT_TARGET = 15.2;
				MARKETING_VERSION = 1.0;
				PRODUCT_BUNDLE_IDENTIFIER = "Lesito.I-Can-I-WillTests";
				PRODUCT_NAME = "$(TARGET_NAME)";
				SWIFT_EMIT_LOC_STRINGS = NO;
				SWIFT_VERSION = 5.0;
				TARGETED_DEVICE_FAMILY = "1,2";
				TEST_HOST = "$(BUILT_PRODUCTS_DIR)/I Can I Will.app/I Can I Will";
			};
			name = Debug;
		};
		BAD884E9279E050400269C2F /* Release */ = {
			isa = XCBuildConfiguration;
			buildSettings = {
				ALWAYS_EMBED_SWIFT_STANDARD_LIBRARIES = YES;
				BUNDLE_LOADER = "$(TEST_HOST)";
				CODE_SIGN_STYLE = Automatic;
				CURRENT_PROJECT_VERSION = 1;
				DEVELOPMENT_TEAM = 58NTX9MNHK;
				GENERATE_INFOPLIST_FILE = YES;
				IPHONEOS_DEPLOYMENT_TARGET = 15.2;
				MARKETING_VERSION = 1.0;
				PRODUCT_BUNDLE_IDENTIFIER = "Lesito.I-Can-I-WillTests";
				PRODUCT_NAME = "$(TARGET_NAME)";
				SWIFT_EMIT_LOC_STRINGS = NO;
				SWIFT_VERSION = 5.0;
				TARGETED_DEVICE_FAMILY = "1,2";
				TEST_HOST = "$(BUILT_PRODUCTS_DIR)/I Can I Will.app/I Can I Will";
			};
			name = Release;
		};
		BAD884EB279E050400269C2F /* Debug */ = {
			isa = XCBuildConfiguration;
			buildSettings = {
				ALWAYS_EMBED_SWIFT_STANDARD_LIBRARIES = YES;
				CODE_SIGN_STYLE = Automatic;
				CURRENT_PROJECT_VERSION = 1;
				DEVELOPMENT_TEAM = 58NTX9MNHK;
				GENERATE_INFOPLIST_FILE = YES;
				MARKETING_VERSION = 1.0;
				PRODUCT_BUNDLE_IDENTIFIER = "Lesito.I-Can-I-WillUITests";
				PRODUCT_NAME = "$(TARGET_NAME)";
				SWIFT_EMIT_LOC_STRINGS = NO;
				SWIFT_VERSION = 5.0;
				TARGETED_DEVICE_FAMILY = "1,2";
				TEST_TARGET_NAME = "I Can I Will";
			};
			name = Debug;
		};
		BAD884EC279E050400269C2F /* Release */ = {
			isa = XCBuildConfiguration;
			buildSettings = {
				ALWAYS_EMBED_SWIFT_STANDARD_LIBRARIES = YES;
				CODE_SIGN_STYLE = Automatic;
				CURRENT_PROJECT_VERSION = 1;
				DEVELOPMENT_TEAM = 58NTX9MNHK;
				GENERATE_INFOPLIST_FILE = YES;
				MARKETING_VERSION = 1.0;
				PRODUCT_BUNDLE_IDENTIFIER = "Lesito.I-Can-I-WillUITests";
				PRODUCT_NAME = "$(TARGET_NAME)";
				SWIFT_EMIT_LOC_STRINGS = NO;
				SWIFT_VERSION = 5.0;
				TARGETED_DEVICE_FAMILY = "1,2";
				TEST_TARGET_NAME = "I Can I Will";
			};
			name = Release;
		};
/* End XCBuildConfiguration section */

/* Begin XCConfigurationList section */
		BAD884B5279E050400269C2F /* Build configuration list for PBXProject "I Can I Will" */ = {
			isa = XCConfigurationList;
			buildConfigurations = (
				BAD884E2279E050400269C2F /* Debug */,
				BAD884E3279E050400269C2F /* Release */,
			);
			defaultConfigurationIsVisible = 0;
			defaultConfigurationName = Release;
		};
		BAD884E4279E050400269C2F /* Build configuration list for PBXNativeTarget "I Can I Will" */ = {
			isa = XCConfigurationList;
			buildConfigurations = (
				BAD884E5279E050400269C2F /* Debug */,
				BAD884E6279E050400269C2F /* Release */,
			);
			defaultConfigurationIsVisible = 0;
			defaultConfigurationName = Release;
		};
		BAD884E7279E050400269C2F /* Build configuration list for PBXNativeTarget "I Can I WillTests" */ = {
			isa = XCConfigurationList;
			buildConfigurations = (
				BAD884E8279E050400269C2F /* Debug */,
				BAD884E9279E050400269C2F /* Release */,
			);
			defaultConfigurationIsVisible = 0;
			defaultConfigurationName = Release;
		};
		BAD884EA279E050400269C2F /* Build configuration list for PBXNativeTarget "I Can I WillUITests" */ = {
			isa = XCConfigurationList;
			buildConfigurations = (
				BAD884EB279E050400269C2F /* Debug */,
				BAD884EC279E050400269C2F /* Release */,
			);
			defaultConfigurationIsVisible = 0;
			defaultConfigurationName = Release;
		};
/* End XCConfigurationList section */
	};
	rootObject = BAD884B2279E050400269C2F /* Project object */;
}
